
Microsoft Visual Studio Solution File, Format Version 12.00
# Visual Studio Version 16
VisualStudioVersion = 16.0.30626.31
MinimumVisualStudioVersion = 10.0.40219.1
Project("{9A19103F-16F7-4668-BE54-9A1E7A4F7556}") = "CashFlow.Server.Lib", "CashFlow.Server.Lib\CashFlow.Server.Lib.csproj", "{0E936EB5-1CFD-462C-A1E3-6430D83BFF06}"
EndProject
Project("{9A19103F-16F7-4668-BE54-9A1E7A4F7556}") = "CashFlow.DataProvider.Interfaces", "CashFlow.DataProvider.Interfaces\CashFlow.DataProvider.Interfaces.csproj", "{D3C9D1B6-14EB-47E0-905C-44DBA5417151}"
EndProject
Project("{9A19103F-16F7-4668-BE54-9A1E7A4F7556}") = "CashFlow.Model", "CashFlow.Model\CashFlow.Model.csproj", "{2EDAEE93-6B96-401D-9163-865957CBC7B5}"
EndProject
Project("{9A19103F-16F7-4668-BE54-9A1E7A4F7556}") = "CashFlow.Model.Dto", "CashFlow.Model.Dto\CashFlow.Model.Dto.csproj", "{9204AA54-CADE-4FBD-AB85-30C26CD3A817}"
EndProject
Project("{9A19103F-16F7-4668-BE54-9A1E7A4F7556}") = "CashFlow.Services.Interfaces", "CashFlow.Services.Interfaces\CashFlow.Services.Interfaces.csproj", "{5451E7AC-FD91-4F75-A4B6-0A5010A58A84}"
EndProject
Project("{9A19103F-16F7-4668-BE54-9A1E7A4F7556}") = "CashFlow.Client.Lib", "CashFlow.Client.Lib\CashFlow.Client.Lib.csproj", "{42453018-DF62-4352-8686-FEC63177EDFA}"
EndProject
Project("{9A19103F-16F7-4668-BE54-9A1E7A4F7556}") = "CashFlow.DataProvider.EFCore", "CashFlow.DataProvider.EFCore\CashFlow.DataProvider.EFCore.csproj", "{F69BDA28-7634-4194-B32D-B1D15C642546}"
EndProject
Project("{9A19103F-16F7-4668-BE54-9A1E7A4F7556}") = "CashFlow.Client.Web", "CashFlow.Client.Web\CashFlow.Client.Web.csproj", "{B01DA9C3-A4DC-4E63-BBA1-33362CAF010E}"
EndProject
Project("{FAE04EC0-301F-11D3-BF4B-00C04F79EFBC}") = "CashFlow.Server", "CashFlow.Server\CashFlow.Server.csproj", "{B85B3756-0D41-4BB0-9261-A44F8A1AC76D}"
EndProject
Global
	GlobalSection(SolutionConfigurationPlatforms) = preSolution
		Debug|Any CPU = Debug|Any CPU
		Release|Any CPU = Release|Any CPU
	EndGlobalSection
	GlobalSection(ProjectConfigurationPlatforms) = postSolution
		{0E936EB5-1CFD-462C-A1E3-6430D83BFF06}.Debug|Any CPU.ActiveCfg = Debug|Any CPU
		{0E936EB5-1CFD-462C-A1E3-6430D83BFF06}.Debug|Any CPU.Build.0 = Debug|Any CPU
		{0E936EB5-1CFD-462C-A1E3-6430D83BFF06}.Release|Any CPU.ActiveCfg = Release|Any CPU
		{0E936EB5-1CFD-462C-A1E3-6430D83BFF06}.Release|Any CPU.Build.0 = Release|Any CPU
		{D3C9D1B6-14EB-47E0-905C-44DBA5417151}.Debug|Any CPU.ActiveCfg = Debug|Any CPU
		{D3C9D1B6-14EB-47E0-905C-44DBA5417151}.Debug|Any CPU.Build.0 = Debug|Any CPU
		{D3C9D1B6-14EB-47E0-905C-44DBA5417151}.Release|Any CPU.ActiveCfg = Release|Any CPU
		{D3C9D1B6-14EB-47E0-905C-44DBA5417151}.Release|Any CPU.Build.0 = Release|Any CPU
		{2EDAEE93-6B96-401D-9163-865957CBC7B5}.Debug|Any CPU.ActiveCfg = Debug|Any CPU
		{2EDAEE93-6B96-401D-9163-865957CBC7B5}.Debug|Any CPU.Build.0 = Debug|Any CPU
		{2EDAEE93-6B96-401D-9163-865957CBC7B5}.Release|Any CPU.ActiveCfg = Release|Any CPU
		{2EDAEE93-6B96-401D-9163-865957CBC7B5}.Release|Any CPU.Build.0 = Release|Any CPU
		{9204AA54-CADE-4FBD-AB85-30C26CD3A817}.Debug|Any CPU.ActiveCfg = Debug|Any CPU
		{9204AA54-CADE-4FBD-AB85-30C26CD3A817}.Debug|Any CPU.Build.0 = Debug|Any CPU
		{9204AA54-CADE-4FBD-AB85-30C26CD3A817}.Release|Any CPU.ActiveCfg = Release|Any CPU
		{9204AA54-CADE-4FBD-AB85-30C26CD3A817}.Release|Any CPU.Build.0 = Release|Any CPU
		{5451E7AC-FD91-4F75-A4B6-0A5010A58A84}.Debug|Any CPU.ActiveCfg = Debug|Any CPU
		{5451E7AC-FD91-4F75-A4B6-0A5010A58A84}.Debug|Any CPU.Build.0 = Debug|Any CPU
		{5451E7AC-FD91-4F75-A4B6-0A5010A58A84}.Release|Any CPU.ActiveCfg = Release|Any CPU
		{5451E7AC-FD91-4F75-A4B6-0A5010A58A84}.Release|Any CPU.Build.0 = Release|Any CPU
		{42453018-DF62-4352-8686-FEC63177EDFA}.Debug|Any CPU.ActiveCfg = Debug|Any CPU
		{42453018-DF62-4352-8686-FEC63177EDFA}.Debug|Any CPU.Build.0 = Debug|Any CPU
		{42453018-DF62-4352-8686-FEC63177EDFA}.Release|Any CPU.ActiveCfg = Release|Any CPU
		{42453018-DF62-4352-8686-FEC63177EDFA}.Release|Any CPU.Build.0 = Release|Any CPU
		{F69BDA28-7634-4194-B32D-B1D15C642546}.Debug|Any CPU.ActiveCfg = Debug|Any CPU
		{F69BDA28-7634-4194-B32D-B1D15C642546}.Debug|Any CPU.Build.0 = Debug|Any CPU
		{F69BDA28-7634-4194-B32D-B1D15C642546}.Release|Any CPU.ActiveCfg = Release|Any CPU
		{F69BDA28-7634-4194-B32D-B1D15C642546}.Release|Any CPU.Build.0 = Release|Any CPU
		{B01DA9C3-A4DC-4E63-BBA1-33362CAF010E}.Debug|Any CPU.ActiveCfg = Debug|Any CPU
		{B01DA9C3-A4DC-4E63-BBA1-33362CAF010E}.Debug|Any CPU.Build.0 = Debug|Any CPU
		{B01DA9C3-A4DC-4E63-BBA1-33362CAF010E}.Release|Any CPU.ActiveCfg = Release|Any CPU
		{B01DA9C3-A4DC-4E63-BBA1-33362CAF010E}.Release|Any CPU.Build.0 = Release|Any CPU
		{B85B3756-0D41-4BB0-9261-A44F8A1AC76D}.Debug|Any CPU.ActiveCfg = Debug|Any CPU
		{B85B3756-0D41-4BB0-9261-A44F8A1AC76D}.Debug|Any CPU.Build.0 = Debug|Any CPU
		{B85B3756-0D41-4BB0-9261-A44F8A1AC76D}.Release|Any CPU.ActiveCfg = Release|Any CPU
		{B85B3756-0D41-4BB0-9261-A44F8A1AC76D}.Release|Any CPU.Build.0 = Release|Any CPU
	EndGlobalSection
	GlobalSection(SolutionProperties) = preSolution
		HideSolutionNode = FALSE
	EndGlobalSection
	GlobalSection(ExtensibilityGlobals) = postSolution
		SolutionGuid = {D5472D70-D1F4-4C76-8A5C-9936E394A4C8}
	EndGlobalSection
EndGlobal
